
Microsoft Visual Studio Solution File, Format Version 12.00
# Visual Studio Version 17
VisualStudioVersion = 17.14.36121.58 d17.14
MinimumVisualStudioVersion = 10.0.40219.1
Project("{FAE04EC0-301F-11D3-BF4B-00C04F79EFBC}") = "App_Listas de tareas.Android", "App_Listas de tareas.Android\App_Listas de tareas.Android.csproj", "{7BA86A7E-1BC8-4FA1-9B0D-A11A6C663D61}"
EndProject
Project("{FAE04EC0-301F-11D3-BF4B-00C04F79EFBC}") = "App_Listas de tareas.iOS", "App_Listas de tareas.iOS\App_Listas de tareas.iOS.csproj", "{0084B54B-0379-443E-9BAA-570F8B1BC890}"
EndProject
Project("{FAE04EC0-301F-11D3-BF4B-00C04F79EFBC}") = "App_Listas de tareas", "App_Listas de tareas\App_Listas de tareas.csproj", "{5E337FB3-FE66-4967-9EB8-324A1F442DD1}"
EndProject
Project("{2150E333-8FDC-42A3-9474-1A3956D46DE8}") = "Elementos de la solución", "Elementos de la solución", "{D107F4C8-89CC-BEA8-D3D7-CA6B7733353D}"
	ProjectSection(SolutionItems) = preProject
		..\..\..\Documents\Personal\App lista de tareas_Xamarin\AgregarEditarTareaPage.xaml = ..\..\..\Documents\Personal\App lista de tareas_Xamarin\AgregarEditarTareaPage.xaml
		..\..\..\Documents\Personal\App lista de tareas_Xamarin\AgregarEditarTareaPage.xaml.cs = ..\..\..\Documents\Personal\App lista de tareas_Xamarin\AgregarEditarTareaPage.xaml.cs
		..\..\..\Documents\Personal\App lista de tareas_Xamarin\App.xaml = ..\..\..\Documents\Personal\App lista de tareas_Xamarin\App.xaml
		..\..\..\Documents\Personal\App lista de tareas_Xamarin\App.xaml.cs = ..\..\..\Documents\Personal\App lista de tareas_Xamarin\App.xaml.cs
		..\..\..\Documents\Personal\App lista de tareas_Xamarin\MainPage.xaml = ..\..\..\Documents\Personal\App lista de tareas_Xamarin\MainPage.xaml
		..\..\..\Documents\Personal\App lista de tareas_Xamarin\MainPage.xaml.cs = ..\..\..\Documents\Personal\App lista de tareas_Xamarin\MainPage.xaml.cs
		..\..\..\Documents\Personal\App lista de tareas_Xamarin\Models\Tarea.cs = ..\..\..\Documents\Personal\App lista de tareas_Xamarin\Models\Tarea.cs
		..\..\..\Documents\Personal\App lista de tareas_Xamarin\Data\TareaDatabase.cs = ..\..\..\Documents\Personal\App lista de tareas_Xamarin\Data\TareaDatabase.cs
	EndProjectSection
EndProject
Global
	GlobalSection(SolutionConfigurationPlatforms) = preSolution
		Debug|Any CPU = Debug|Any CPU
		Release|Any CPU = Release|Any CPU
	EndGlobalSection
	GlobalSection(ProjectConfigurationPlatforms) = postSolution
		{7BA86A7E-1BC8-4FA1-9B0D-A11A6C663D61}.Debug|Any CPU.ActiveCfg = Debug|Any CPU
		{7BA86A7E-1BC8-4FA1-9B0D-A11A6C663D61}.Debug|Any CPU.Build.0 = Debug|Any CPU
		{7BA86A7E-1BC8-4FA1-9B0D-A11A6C663D61}.Debug|Any CPU.Deploy.0 = Debug|Any CPU
		{7BA86A7E-1BC8-4FA1-9B0D-A11A6C663D61}.Release|Any CPU.ActiveCfg = Release|Any CPU
		{7BA86A7E-1BC8-4FA1-9B0D-A11A6C663D61}.Release|Any CPU.Build.0 = Release|Any CPU
		{7BA86A7E-1BC8-4FA1-9B0D-A11A6C663D61}.Release|Any CPU.Deploy.0 = Release|Any CPU
		{0084B54B-0379-443E-9BAA-570F8B1BC890}.Debug|Any CPU.ActiveCfg = Debug|iPhone
		{0084B54B-0379-443E-9BAA-570F8B1BC890}.Debug|Any CPU.Build.0 = Debug|iPhone
		{0084B54B-0379-443E-9BAA-570F8B1BC890}.Debug|Any CPU.Deploy.0 = Debug|iPhone
		{0084B54B-0379-443E-9BAA-570F8B1BC890}.Release|Any CPU.ActiveCfg = Release|iPhoneSimulator
		{0084B54B-0379-443E-9BAA-570F8B1BC890}.Release|Any CPU.Build.0 = Release|iPhoneSimulator
		{0084B54B-0379-443E-9BAA-570F8B1BC890}.Release|Any CPU.Deploy.0 = Release|iPhoneSimulator
		{5E337FB3-FE66-4967-9EB8-324A1F442DD1}.Debug|Any CPU.ActiveCfg = Debug|Any CPU
		{5E337FB3-FE66-4967-9EB8-324A1F442DD1}.Debug|Any CPU.Build.0 = Debug|Any CPU
		{5E337FB3-FE66-4967-9EB8-324A1F442DD1}.Debug|Any CPU.Deploy.0 = Debug|Any CPU
		{5E337FB3-FE66-4967-9EB8-324A1F442DD1}.Release|Any CPU.ActiveCfg = Release|Any CPU
		{5E337FB3-FE66-4967-9EB8-324A1F442DD1}.Release|Any CPU.Build.0 = Release|Any CPU
		{5E337FB3-FE66-4967-9EB8-324A1F442DD1}.Release|Any CPU.Deploy.0 = Release|Any CPU
	EndGlobalSection
	GlobalSection(SolutionProperties) = preSolution
		HideSolutionNode = FALSE
	EndGlobalSection
	GlobalSection(ExtensibilityGlobals) = postSolution
		SolutionGuid = {AE88ACBC-0512-4AF5-B767-3D21AADBD440}
	EndGlobalSection
EndGlobal
